
Microsoft Visual Studio Solution File, Format Version 12.00
# Visual Studio Version 17
VisualStudioVersion = 17.4.33122.133
MinimumVisualStudioVersion = 10.0.40219.1
Project("{9A19103F-16F7-4668-BE54-9A1E7A4F7556}") = "paymentIntegration", "paymentIntegration\paymentIntegration.csproj", "{D22B4457-1563-44F0-AC18-B1D67C32738A}"
EndProject
Global
	GlobalSection(SolutionConfigurationPlatforms) = preSolution
		Debug|Any CPU = Debug|Any CPU
		Release|Any CPU = Release|Any CPU
	EndGlobalSection
	GlobalSection(ProjectConfigurationPlatforms) = postSolution
		{D22B4457-1563-44F0-AC18-B1D67C32738A}.Debug|Any CPU.ActiveCfg = Debug|Any CPU
		{D22B4457-1563-44F0-AC18-B1D67C32738A}.Debug|Any CPU.Build.0 = Debug|Any CPU
		{D22B4457-1563-44F0-AC18-B1D67C32738A}.Release|Any CPU.ActiveCfg = Release|Any CPU
		{D22B4457-1563-44F0-AC18-B1D67C32738A}.Release|Any CPU.Build.0 = Release|Any CPU
	EndGlobalSection
	GlobalSection(SolutionProperties) = preSolution
		HideSolutionNode = FALSE
	EndGlobalSection
	GlobalSection(ExtensibilityGlobals) = postSolution
		SolutionGuid = {752B5020-5045-4561-B20D-1BD4E5B45FB3}
	EndGlobalSection
EndGlobal
